
Microsoft Visual Studio Solution File, Format Version 12.00
# Visual Studio Version 16
VisualStudioVersion = 16.0.30104.148
MinimumVisualStudioVersion = 10.0.40219.1
Project("{FAE04EC0-301F-11D3-BF4B-00C04F79EFBC}") = "Space_speed", "Space_speed\Space_speed.csproj", "{C56CCB21-4747-4BD1-97F4-A4209A8818EA}"
EndProject
Global
	GlobalSection(SolutionConfigurationPlatforms) = preSolution
		Debug|Any CPU = Debug|Any CPU
		Release|Any CPU = Release|Any CPU
	EndGlobalSection
	GlobalSection(ProjectConfigurationPlatforms) = postSolution
		{C56CCB21-4747-4BD1-97F4-A4209A8818EA}.Debug|Any CPU.ActiveCfg = Debug|Any CPU
		{C56CCB21-4747-4BD1-97F4-A4209A8818EA}.Debug|Any CPU.Build.0 = Debug|Any CPU
		{C56CCB21-4747-4BD1-97F4-A4209A8818EA}.Release|Any CPU.ActiveCfg = Release|Any CPU
		{C56CCB21-4747-4BD1-97F4-A4209A8818EA}.Release|Any CPU.Build.0 = Release|Any CPU
	EndGlobalSection
	GlobalSection(SolutionProperties) = preSolution
		HideSolutionNode = FALSE
	EndGlobalSection
	GlobalSection(ExtensibilityGlobals) = postSolution
		SolutionGuid = {02B77FB0-593F-433F-9018-19749DA03A56}
	EndGlobalSection
EndGlobal
